
Microsoft Visual Studio Solution File, Format Version 12.00
# Visual Studio Version 16
VisualStudioVersion = 25.0.1700.7
MinimumVisualStudioVersion = 10.0.40219.1
Project("{FAE04EC0-301F-11D3-BF4B-00C04F79EFBC}") = "BattleShipStateTracker", "BattleShipStateTracker\BattleShipStateTracker.csproj", "{2ACDBED4-4BBB-4DC1-9544-8C43211C000C}"
EndProject
Global
	GlobalSection(SolutionConfigurationPlatforms) = preSolution
		Debug|Any CPU = Debug|Any CPU
		Release|Any CPU = Release|Any CPU
	EndGlobalSection
	GlobalSection(ProjectConfigurationPlatforms) = postSolution
		{2ACDBED4-4BBB-4DC1-9544-8C43211C000C}.Debug|Any CPU.ActiveCfg = Debug|Any CPU
		{2ACDBED4-4BBB-4DC1-9544-8C43211C000C}.Debug|Any CPU.Build.0 = Debug|Any CPU
		{2ACDBED4-4BBB-4DC1-9544-8C43211C000C}.Release|Any CPU.ActiveCfg = Release|Any CPU
		{2ACDBED4-4BBB-4DC1-9544-8C43211C000C}.Release|Any CPU.Build.0 = Release|Any CPU
	EndGlobalSection
	GlobalSection(SolutionProperties) = preSolution
		HideSolutionNode = FALSE
	EndGlobalSection
	GlobalSection(ExtensibilityGlobals) = postSolution
		SolutionGuid = {0DECB4AC-1627-4773-B13C-454E7A6102BB}
	EndGlobalSection
EndGlobal
